// !$*UTF8*$!
{
	archiveVersion = 1;
	classes = {
	};
	objectVersion = 46;
	objects = {

/* Begin PBXBuildFile section */
		51A57FCD1C05045100B498E4 /* main.cpp in Sources */ = {isa = PBXBuildFile; fileRef = 51A57FCC1C05045100B498E4 /* main.cpp */; };
		51A57FD51C05049200B498E4 /* fractalterrain.cpp in Sources */ = {isa = PBXBuildFile; fileRef = 51A57FD31C05049200B498E4 /* fractalterrain.cpp */; };
		51A57FE11C0506A100B498E4 /* algebra.cpp in Sources */ = {isa = PBXBuildFile; fileRef = 51A57FDD1C0506A100B498E4 /* algebra.cpp */; };
		51A57FE21C0506A100B498E4 /* utilities.cpp in Sources */ = {isa = PBXBuildFile; fileRef = 51A57FDF1C0506A100B498E4 /* utilities.cpp */; };
		51A57FE51C05081100B498E4 /* OpenGL.framework in Frameworks */ = {isa = PBXBuildFile; fileRef = 51A57FE41C05081100B498E4 /* OpenGL.framework */; };
		51A57FE71C05095200B498E4 /* GLUT.framework in Frameworks */ = {isa = PBXBuildFile; fileRef = 51A57FE61C05095200B498E4 /* GLUT.framework */; };
/* End PBXBuildFile section */

/* Begin PBXCopyFilesBuildPhase section */
		51A57FC71C05045100B498E4 /* CopyFiles */ = {
			isa = PBXCopyFilesBuildPhase;
			buildActionMask = 2147483647;
			dstPath = /usr/share/man/man1/;
			dstSubfolderSpec = 0;
			files = (
			);
			runOnlyForDeploymentPostprocessing = 1;
		};
/* End PBXCopyFilesBuildPhase section */

/* Begin PBXFileReference section */
		51A57FC91C05045100B498E4 /* FractalTerrain */ = {isa = PBXFileReference; explicitFileType = "compiled.mach-o.executable"; includeInIndex = 0; path = FractalTerrain; sourceTree = BUILT_PRODUCTS_DIR; };
		51A57FCC1C05045100B498E4 /* main.cpp */ = {isa = PBXFileReference; lastKnownFileType = sourcecode.cpp.cpp; path = main.cpp; sourceTree = "<group>"; };
		51A57FD31C05049200B498E4 /* fractalterrain.cpp */ = {isa = PBXFileReference; fileEncoding = 4; lastKnownFileType = sourcecode.cpp.cpp; path = fractalterrain.cpp; sourceTree = "<group>"; };
		51A57FD41C05049200B498E4 /* fractalterrain.hpp */ = {isa = PBXFileReference; fileEncoding = 4; lastKnownFileType = sourcecode.cpp.h; path = fractalterrain.hpp; sourceTree = "<group>"; };
		51A57FDD1C0506A100B498E4 /* algebra.cpp */ = {isa = PBXFileReference; fileEncoding = 4; lastKnownFileType = sourcecode.cpp.cpp; path = algebra.cpp; sourceTree = "<group>"; };
		51A57FDE1C0506A100B498E4 /* algebra.hpp */ = {isa = PBXFileReference; fileEncoding = 4; lastKnownFileType = sourcecode.cpp.h; path = algebra.hpp; sourceTree = "<group>"; };
		51A57FDF1C0506A100B498E4 /* utilities.cpp */ = {isa = PBXFileReference; fileEncoding = 4; lastKnownFileType = sourcecode.cpp.cpp; path = utilities.cpp; sourceTree = "<group>"; };
		51A57FE01C0506A100B498E4 /* utilities.hpp */ = {isa = PBXFileReference; fileEncoding = 4; lastKnownFileType = sourcecode.cpp.h; path = utilities.hpp; sourceTree = "<group>"; };
		51A57FE41C05081100B498E4 /* OpenGL.framework */ = {isa = PBXFileReference; lastKnownFileType = wrapper.framework; name = OpenGL.framework; path = System/Library/Frameworks/OpenGL.framework; sourceTree = SDKROOT; };
		51A57FE61C05095200B498E4 /* GLUT.framework */ = {isa = PBXFileReference; lastKnownFileType = wrapper.framework; name = GLUT.framework; path = System/Library/Frameworks/GLUT.framework; sourceTree = SDKROOT; };
/* End PBXFileReference section */

/* Begin PBXFrameworksBuildPhase section */
		51A57FC61C05045100B498E4 /* Frameworks */ = {
			isa = PBXFrameworksBuildPhase;
			buildActionMask = 2147483647;
			files = (
				51A57FE71C05095200B498E4 /* GLUT.framework in Frameworks */,
				51A57FE51C05081100B498E4 /* OpenGL.framework in Frameworks */,
			);
			runOnlyForDeploymentPostprocessing = 0;
		};
/* End PBXFrameworksBuildPhase section */

/* Begin PBXGroup section */
		51A57FC01C05045100B498E4 = {
			isa = PBXGroup;
			children = (
				51A57FE61C05095200B498E4 /* GLUT.framework */,
				51A57FE41C05081100B498E4 /* OpenGL.framework */,
				51A57FCB1C05045100B498E4 /* FractalTerrain */,
				51A57FCA1C05045100B498E4 /* Products */,
			);
			sourceTree = "<group>";
		};
		51A57FCA1C05045100B498E4 /* Products */ = {
			isa = PBXGroup;
			children = (
				51A57FC91C05045100B498E4 /* FractalTerrain */,
			);
			name = Products;
			sourceTree = "<group>";
		};
		51A57FCB1C05045100B498E4 /* FractalTerrain */ = {
			isa = PBXGroup;
			children = (
				51A57FDC1C0506A100B498E4 /* misc */,
				51A57FD31C05049200B498E4 /* fractalterrain.cpp */,
				51A57FD41C05049200B498E4 /* fractalterrain.hpp */,
				51A57FCC1C05045100B498E4 /* main.cpp */,
			);
			path = FractalTerrain;
			sourceTree = "<group>";
		};
		51A57FDC1C0506A100B498E4 /* misc */ = {
			isa = PBXGroup;
			children = (
				51A57FDD1C0506A100B498E4 /* algebra.cpp */,
				51A57FDE1C0506A100B498E4 /* algebra.hpp */,
				51A57FDF1C0506A100B498E4 /* utilities.cpp */,
				51A57FE01C0506A100B498E4 /* utilities.hpp */,
			);
			path = misc;
			sourceTree = "<group>";
		};
/* End PBXGroup section */

/* Begin PBXNativeTarget section */
		51A57FC81C05045100B498E4 /* FractalTerrain */ = {
			isa = PBXNativeTarget;
			buildConfigurationList = 51A57FD01C05045100B498E4 /* Build configuration list for PBXNativeTarget "FractalTerrain" */;
			buildPhases = (
				51A57FC51C05045100B498E4 /* Sources */,
				51A57FC61C05045100B498E4 /* Frameworks */,
				51A57FC71C05045100B498E4 /* CopyFiles */,
			);
			buildRules = (
			);
			dependencies = (
			);
			name = FractalTerrain;
			productName = FractalTerrain;
			productReference = 51A57FC91C05045100B498E4 /* FractalTerrain */;
			productType = "com.apple.product-type.tool";
		};
/* End PBXNativeTarget section */

/* Begin PBXProject section */
		51A57FC11C05045100B498E4 /* Project object */ = {
			isa = PBXProject;
			attributes = {
				LastUpgradeCheck = 0610;
				ORGANIZATIONNAME = "Nick Fagan";
				TargetAttributes = {
					51A57FC81C05045100B498E4 = {
						CreatedOnToolsVersion = 6.1.1;
					};
				};
			};
			buildConfigurationList = 51A57FC41C05045100B498E4 /* Build configuration list for PBXProject "FractalTerrain" */;
			compatibilityVersion = "Xcode 3.2";
			developmentRegion = English;
			hasScannedForEncodings = 0;
			knownRegions = (
				en,
			);
			mainGroup = 51A57FC01C05045100B498E4;
			productRefGroup = 51A57FCA1C05045100B498E4 /* Products */;
			projectDirPath = "";
			projectRoot = "";
			targets = (
				51A57FC81C05045100B498E4 /* FractalTerrain */,
			);
		};
/* End PBXProject section */

/* Begin PBXSourcesBuildPhase section */
		51A57FC51C05045100B498E4 /* Sources */ = {
			isa = PBXSourcesBuildPhase;
			buildActionMask = 2147483647;
			files = (
				51A57FE21C0506A100B498E4 /* utilities.cpp in Sources */,
				51A57FCD1C05045100B498E4 /* main.cpp in Sources */,
				51A57FE11C0506A100B498E4 /* algebra.cpp in Sources */,
				51A57FD51C05049200B498E4 /* fractalterrain.cpp in Sources */,
			);
			runOnlyForDeploymentPostprocessing = 0;
		};
/* End PBXSourcesBuildPhase section */

/* Begin XCBuildConfiguration section */
		51A57FCE1C05045100B498E4 /* Debug */ = {
			isa = XCBuildConfiguration;
			buildSettings = {
				ALWAYS_SEARCH_USER_PATHS = NO;
				CLANG_CXX_LANGUAGE_STANDARD = "gnu++0x";
				CLANG_CXX_LIBRARY = "libc++";
				CLANG_ENABLE_MODULES = YES;
				CLANG_ENABLE_OBJC_ARC = YES;
				CLANG_WARN_BOOL_CONVERSION = YES;
				CLANG_WARN_CONSTANT_CONVERSION = YES;
				CLANG_WARN_DIRECT_OBJC_ISA_USAGE = YES_ERROR;
				CLANG_WARN_EMPTY_BODY = YES;
				CLANG_WARN_ENUM_CONVERSION = YES;
				CLANG_WARN_INT_CONVERSION = YES;
				CLANG_WARN_OBJC_ROOT_CLASS = YES_ERROR;
				CLANG_WARN_UNREACHABLE_CODE = YES;
				CLANG_WARN__DUPLICATE_METHOD_MATCH = YES;
				COPY_PHASE_STRIP = NO;
				ENABLE_STRICT_OBJC_MSGSEND = YES;
				GCC_C_LANGUAGE_STANDARD = gnu99;
				GCC_DYNAMIC_NO_PIC = NO;
				GCC_OPTIMIZATION_LEVEL = 0;
				GCC_PREPROCESSOR_DEFINITIONS = (
					"DEBUG=1",
					"$(inherited)",
				);
				GCC_SYMBOLS_PRIVATE_EXTERN = NO;
				GCC_WARN_64_TO_32_BIT_CONVERSION = YES;
				GCC_WARN_ABOUT_RETURN_TYPE = YES_ERROR;
				GCC_WARN_UNDECLARED_SELECTOR = YES;
				GCC_WARN_UNINITIALIZED_AUTOS = YES_AGGRESSIVE;
				GCC_WARN_UNUSED_FUNCTION = YES;
				GCC_WARN_UNUSED_VARIABLE = YES;
				MACOSX_DEPLOYMENT_TARGET = 10.10;
				MTL_ENABLE_DEBUG_INFO = YES;
				ONLY_ACTIVE_ARCH = YES;
				SDKROOT = macosx;
			};
			name = Debug;
		};
		51A57FCF1C05045100B498E4 /* Release */ = {
			isa = XCBuildConfiguration;
			buildSettings = {
				ALWAYS_SEARCH_USER_PATHS = NO;
				CLANG_CXX_LANGUAGE_STANDARD = "gnu++0x";
				CLANG_CXX_LIBRARY = "libc++";
				CLANG_ENABLE_MODULES = YES;
				CLANG_ENABLE_OBJC_ARC = YES;
				CLANG_WARN_BOOL_CONVERSION = YES;
				CLANG_WARN_CONSTANT_CONVERSION = YES;
				CLANG_WARN_DIRECT_OBJC_ISA_USAGE = YES_ERROR;
				CLANG_WARN_EMPTY_BODY = YES;
				CLANG_WARN_ENUM_CONVERSION = YES;
				CLANG_WARN_INT_CONVERSION = YES;
				CLANG_WARN_OBJC_ROOT_CLASS = YES_ERROR;
				CLANG_WARN_UNREACHABLE_CODE = YES;
				CLANG_WARN__DUPLICATE_METHOD_MATCH = YES;
				COPY_PHASE_STRIP = YES;
				DEBUG_INFORMATION_FORMAT = "dwarf-with-dsym";
				ENABLE_NS_ASSERTIONS = NO;
				ENABLE_STRICT_OBJC_MSGSEND = YES;
				GCC_C_LANGUAGE_STANDARD = gnu99;
				GCC_WARN_64_TO_32_BIT_CONVERSION = YES;
				GCC_WARN_ABOUT_RETURN_TYPE = YES_ERROR;
				GCC_WARN_UNDECLARED_SELECTOR = YES;
				GCC_WARN_UNINITIALIZED_AUTOS = YES_AGGRESSIVE;
				GCC_WARN_UNUSED_FUNCTION = YES;
				GCC_WARN_UNUSED_VARIABLE = YES;
				MACOSX_DEPLOYMENT_TARGET = 10.10;
				MTL_ENABLE_DEBUG_INFO = NO;
				SDKROOT = macosx;
			};
			name = Release;
		};
		51A57FD11C05045100B498E4 /* Debug */ = {
			isa = XCBuildConfiguration;
			buildSettings = {
				MACOSX_DEPLOYMENT_TARGET = 10.8;
				PRODUCT_NAME = "$(TARGET_NAME)";
			};
			name = Debug;
		};
		51A57FD21C05045100B498E4 /* Release */ = {
			isa = XCBuildConfiguration;
			buildSettings = {
				MACOSX_DEPLOYMENT_TARGET = 10.8;
				PRODUCT_NAME = "$(TARGET_NAME)";
			};
			name = Release;
		};
/* End XCBuildConfiguration section */

/* Begin XCConfigurationList section */
		51A57FC41C05045100B498E4 /* Build configuration list for PBXProject "FractalTerrain" */ = {
			isa = XCConfigurationList;
			buildConfigurations = (
				51A57FCE1C05045100B498E4 /* Debug */,
				51A57FCF1C05045100B498E4 /* Release */,
			);
			defaultConfigurationIsVisible = 0;
			defaultConfigurationName = Release;
		};
		51A57FD01C05045100B498E4 /* Build configuration list for PBXNativeTarget "FractalTerrain" */ = {
			isa = XCConfigurationList;
			buildConfigurations = (
				51A57FD11C05045100B498E4 /* Debug */,
				51A57FD21C05045100B498E4 /* Release */,
			);
			defaultConfigurationIsVisible = 0;
			defaultConfigurationName = Release;
		};
/* End XCConfigurationList section */
	};
	rootObject = 51A57FC11C05045100B498E4 /* Project object */;
}
